
Microsoft Visual Studio Solution File, Format Version 12.00
# Visual Studio Version 17
VisualStudioVersion = 17.9.34607.119
MinimumVisualStudioVersion = 10.0.40219.1
Project("{FAE04EC0-301F-11D3-BF4B-00C04F79EFBC}") = "TaskList-API", "TaskList-API.csproj", "{47B2CE42-3F79-497E-AFE8-F1D5EF8CA09D}"
EndProject
Global
	GlobalSection(SolutionConfigurationPlatforms) = preSolution
		Debug|Any CPU = Debug|Any CPU
		Release|Any CPU = Release|Any CPU
	EndGlobalSection
	GlobalSection(ProjectConfigurationPlatforms) = postSolution
		{47B2CE42-3F79-497E-AFE8-F1D5EF8CA09D}.Debug|Any CPU.ActiveCfg = Debug|Any CPU
		{47B2CE42-3F79-497E-AFE8-F1D5EF8CA09D}.Debug|Any CPU.Build.0 = Debug|Any CPU
		{47B2CE42-3F79-497E-AFE8-F1D5EF8CA09D}.Release|Any CPU.ActiveCfg = Release|Any CPU
		{47B2CE42-3F79-497E-AFE8-F1D5EF8CA09D}.Release|Any CPU.Build.0 = Release|Any CPU
	EndGlobalSection
	GlobalSection(SolutionProperties) = preSolution
		HideSolutionNode = FALSE
	EndGlobalSection
	GlobalSection(ExtensibilityGlobals) = postSolution
		SolutionGuid = {DE580E3A-C14D-4505-9EC1-6A41A22179A8}
	EndGlobalSection
EndGlobal
